
Microsoft Visual Studio Solution File, Format Version 12.00
# Visual Studio Version 17
VisualStudioVersion = 17.7.34031.279
MinimumVisualStudioVersion = 10.0.40219.1
Project("{FAE04EC0-301F-11D3-BF4B-00C04F79EFBC}") = "Bocharova41", "Bocharova41\Bocharova41.csproj", "{D73BD19E-3FB6-470B-AC10-41DC84D4A6FE}"
EndProject
Global
	GlobalSection(SolutionConfigurationPlatforms) = preSolution
		Debug|Any CPU = Debug|Any CPU
		Release|Any CPU = Release|Any CPU
	EndGlobalSection
	GlobalSection(ProjectConfigurationPlatforms) = postSolution
		{D73BD19E-3FB6-470B-AC10-41DC84D4A6FE}.Debug|Any CPU.ActiveCfg = Debug|Any CPU
		{D73BD19E-3FB6-470B-AC10-41DC84D4A6FE}.Debug|Any CPU.Build.0 = Debug|Any CPU
		{D73BD19E-3FB6-470B-AC10-41DC84D4A6FE}.Release|Any CPU.ActiveCfg = Release|Any CPU
		{D73BD19E-3FB6-470B-AC10-41DC84D4A6FE}.Release|Any CPU.Build.0 = Release|Any CPU
	EndGlobalSection
	GlobalSection(SolutionProperties) = preSolution
		HideSolutionNode = FALSE
	EndGlobalSection
	GlobalSection(ExtensibilityGlobals) = postSolution
		SolutionGuid = {33DF0D7E-54EC-4E44-ABAA-02884FF4D638}
	EndGlobalSection
EndGlobal
